
Microsoft Visual Studio Solution File, Format Version 12.00
# Visual Studio Version 16
VisualStudioVersion = 16.0.31729.503
MinimumVisualStudioVersion = 10.0.40219.1
Project("{FAE04EC0-301F-11D3-BF4B-00C04F79EFBC}") = "ChoresFinalProject", "ChoresFinalProject\ChoresFinalProject.csproj", "{16A59E1D-4ACD-41BD-962B-36900E0599F0}"
EndProject
Global
	GlobalSection(SolutionConfigurationPlatforms) = preSolution
		Debug|Any CPU = Debug|Any CPU
		Release|Any CPU = Release|Any CPU
	EndGlobalSection
	GlobalSection(ProjectConfigurationPlatforms) = postSolution
		{16A59E1D-4ACD-41BD-962B-36900E0599F0}.Debug|Any CPU.ActiveCfg = Debug|Any CPU
		{16A59E1D-4ACD-41BD-962B-36900E0599F0}.Debug|Any CPU.Build.0 = Debug|Any CPU
		{16A59E1D-4ACD-41BD-962B-36900E0599F0}.Release|Any CPU.ActiveCfg = Release|Any CPU
		{16A59E1D-4ACD-41BD-962B-36900E0599F0}.Release|Any CPU.Build.0 = Release|Any CPU
	EndGlobalSection
	GlobalSection(SolutionProperties) = preSolution
		HideSolutionNode = FALSE
	EndGlobalSection
	GlobalSection(ExtensibilityGlobals) = postSolution
		SolutionGuid = {E91A6FEB-0FA2-40FB-8473-B352EA8B6645}
	EndGlobalSection
EndGlobal
